
Microsoft Visual Studio Solution File, Format Version 12.00
# Visual Studio 15
VisualStudioVersion = 15.0.26430.16
MinimumVisualStudioVersion = 10.0.40219.1
Project("{9A19103F-16F7-4668-BE54-9A1E7A4F7556}") = "InexRef.EventSourcing.Persistence.Common", "InexRef.EventSourcing.Persistence.Common\InexRef.EventSourcing.Persistence.Common.csproj", "{E242AB02-E2CC-4E8E-A55E-13D001CC3C37}"
EndProject
Project("{9A19103F-16F7-4668-BE54-9A1E7A4F7556}") = "InexRef.EventSourcing.Persistence.SqlServer", "InexRef.EventSourcing.Persistence.SqlServer\InexRef.EventSourcing.Persistence.SqlServer.csproj", "{A26D41DC-FF38-480F-838D-D93B65E35309}"
EndProject
Project("{9A19103F-16F7-4668-BE54-9A1E7A4F7556}") = "InexRef.EventSourcing.Contracts", "InexRef.EventSourcing.Contracts\InexRef.EventSourcing.Contracts.csproj", "{43D1B7A2-A336-4B89-9EA3-6DFD5332CCCA}"
EndProject
Project("{9A19103F-16F7-4668-BE54-9A1E7A4F7556}") = "InexRef.EventSourcing", "InexRef.EventSourcing\InexRef.EventSourcing.csproj", "{B33B74BD-C833-4975-A88B-2496753A1CAB}"
EndProject
Project("{9A19103F-16F7-4668-BE54-9A1E7A4F7556}") = "InexRef.EventSourcing.Persistence.InMemory", "InexRef.EventSourcing.Persistence.InMemory\InexRef.EventSourcing.Persistence.InMemory.csproj", "{5CA81487-29DF-451D-B58E-4CD7B2CC4FBA}"
EndProject
Project("{9A19103F-16F7-4668-BE54-9A1E7A4F7556}") = "InexRef.EventSourcing.Persistence.Tests", "InexRef.EventSourcing.Persistence.Tests\InexRef.EventSourcing.Persistence.Tests.csproj", "{42398B7C-17DB-42EF-9F5B-34A4F88A464C}"
EndProject
Project("{9A19103F-16F7-4668-BE54-9A1E7A4F7556}") = "InexRef.EventSourcing.Tests.Common", "InexRef.EventSourcing.Tests.Common\InexRef.EventSourcing.Tests.Common.csproj", "{7267569B-0FAF-4E97-B61A-177C90B3051D}"
EndProject
Project("{00D1A9C2-B5F0-4AF3-8072-F6C62B433612}") = "InexRef.EventSourcing.Tests.SqlServer.Setup.Db", "InexRef.EventSourcing.Tests.SqlServer.Setup.Db\InexRef.EventSourcing.Tests.SqlServer.Setup.Db.sqlproj", "{BF592A7E-A5B9-4976-B71B-A9CAD1840C0A}"
EndProject
Project("{2150E333-8FDC-42A3-9474-1A3956D46DE8}") = "Account Test Domain", "Account Test Domain", "{082FCFF7-2018-486B-8236-DA8A1D251765}"
EndProject
Project("{9A19103F-16F7-4668-BE54-9A1E7A4F7556}") = "InexRef.EventSourcing.Tests.Account.Domain", "InexRef.EventSourcing.Tests.Account.Domain\InexRef.EventSourcing.Tests.Account.Domain.csproj", "{FCF0EEFC-1E5A-4596-923F-A5C316AF830F}"
EndProject
Project("{9A19103F-16F7-4668-BE54-9A1E7A4F7556}") = "InexRef.EventSourcing.Tests.Account.DomainHost", "InexRef.EventSourcing.Tests.Account.DomainHost\InexRef.EventSourcing.Tests.Account.DomainHost.csproj", "{FE4320F4-4AD9-4B9A-B269-8817B05760DF}"
EndProject
Project("{9A19103F-16F7-4668-BE54-9A1E7A4F7556}") = "InexRef.EventSourcing.Tests.Account.ReadModels", "InexRef.EventSourcing.Tests.Account.ReadModels\InexRef.EventSourcing.Tests.Account.ReadModels.csproj", "{4BB29364-48BF-401A-A30F-C652CB87A4C9}"
EndProject
Project("{9A19103F-16F7-4668-BE54-9A1E7A4F7556}") = "InexRef.EventSourcing.Tests.Account.DomainHost.Tests", "InexRef.EventSourcing.Tests.Account\InexRef.EventSourcing.Tests.Account.DomainHost.Tests.csproj", "{6457CF1C-3CC7-4202-AAA2-6BC4944C4C54}"
EndProject
Project("{9A19103F-16F7-4668-BE54-9A1E7A4F7556}") = "InexRef.EventSourcing.Tests.Account.Domain.Tests", "InexRef.EventSourcing.Tests.Account.Domain.Tests\InexRef.EventSourcing.Tests.Account.Domain.Tests.csproj", "{A1819AE0-2376-41A2-887C-8F0DEC55928A}"
EndProject
Project("{9A19103F-16F7-4668-BE54-9A1E7A4F7556}") = "InexRef.EventSourcing.Tests", "InexRef.EventSourcing.Tests\InexRef.EventSourcing.Tests.csproj", "{9C674B23-F652-4AB6-B710-B8C493E2FA44}"
EndProject
Project("{9A19103F-16F7-4668-BE54-9A1E7A4F7556}") = "InexRef.EventSourcing.Common", "InexRef.EventSourcing.Common\InexRef.EventSourcing.Common.csproj", "{75FA0DBA-64D6-44AA-A7A4-63B500B9E340}"
EndProject
Project("{9A19103F-16F7-4668-BE54-9A1E7A4F7556}") = "InexRef.EventSourcing.Tests.Account.Application.Web.Host", "InexRef.EventSourcing.Tests.Account.Application.Web.Host\InexRef.EventSourcing.Tests.Account.Application.Web.Host.csproj", "{4FF7988B-8975-4AAB-8CBF-9E3905ACDB46}"
EndProject
Project("{9A19103F-16F7-4668-BE54-9A1E7A4F7556}") = "InexRef.EventSourcing.Tests.Account.Contract.Public", "InexRef.EventSourcing.Tests.Account.Contract.Public\InexRef.EventSourcing.Tests.Account.Contract.Public.csproj", "{BF6BD087-3E62-4F5F-A66A-FE5360802B31}"
EndProject
Project("{FAE04EC0-301F-11D3-BF4B-00C04F79EFBC}") = "InexRef.EventSourcing.Tests.Account.Application.ConsoleApp", "InexRef.EventSourcing.Tests.Account.Application.ConsoleApp\InexRef.EventSourcing.Tests.Account.Application.ConsoleApp.csproj", "{3201D1DB-0D30-4D45-A879-F66DB39BF2E0}"
EndProject
Project("{FAE04EC0-301F-11D3-BF4B-00C04F79EFBC}") = "InexRef.EventSourcing.Persistence.EventStore", "InexRef.EventSourcing.Persistence.EventStore\InexRef.EventSourcing.Persistence.EventStore.csproj", "{BB4C1155-DEB7-409D-BF4A-7CC37EF7D979}"
EndProject
Global
	GlobalSection(SolutionConfigurationPlatforms) = preSolution
		Debug|Any CPU = Debug|Any CPU
		Release|Any CPU = Release|Any CPU
	EndGlobalSection
	GlobalSection(ProjectConfigurationPlatforms) = postSolution
		{E242AB02-E2CC-4E8E-A55E-13D001CC3C37}.Debug|Any CPU.ActiveCfg = Debug|Any CPU
		{E242AB02-E2CC-4E8E-A55E-13D001CC3C37}.Debug|Any CPU.Build.0 = Debug|Any CPU
		{E242AB02-E2CC-4E8E-A55E-13D001CC3C37}.Release|Any CPU.ActiveCfg = Release|Any CPU
		{E242AB02-E2CC-4E8E-A55E-13D001CC3C37}.Release|Any CPU.Build.0 = Release|Any CPU
		{A26D41DC-FF38-480F-838D-D93B65E35309}.Debug|Any CPU.ActiveCfg = Debug|Any CPU
		{A26D41DC-FF38-480F-838D-D93B65E35309}.Debug|Any CPU.Build.0 = Debug|Any CPU
		{A26D41DC-FF38-480F-838D-D93B65E35309}.Release|Any CPU.ActiveCfg = Release|Any CPU
		{A26D41DC-FF38-480F-838D-D93B65E35309}.Release|Any CPU.Build.0 = Release|Any CPU
		{43D1B7A2-A336-4B89-9EA3-6DFD5332CCCA}.Debug|Any CPU.ActiveCfg = Debug|Any CPU
		{43D1B7A2-A336-4B89-9EA3-6DFD5332CCCA}.Debug|Any CPU.Build.0 = Debug|Any CPU
		{43D1B7A2-A336-4B89-9EA3-6DFD5332CCCA}.Release|Any CPU.ActiveCfg = Release|Any CPU
		{43D1B7A2-A336-4B89-9EA3-6DFD5332CCCA}.Release|Any CPU.Build.0 = Release|Any CPU
		{B33B74BD-C833-4975-A88B-2496753A1CAB}.Debug|Any CPU.ActiveCfg = Debug|Any CPU
		{B33B74BD-C833-4975-A88B-2496753A1CAB}.Debug|Any CPU.Build.0 = Debug|Any CPU
		{B33B74BD-C833-4975-A88B-2496753A1CAB}.Release|Any CPU.ActiveCfg = Release|Any CPU
		{B33B74BD-C833-4975-A88B-2496753A1CAB}.Release|Any CPU.Build.0 = Release|Any CPU
		{5CA81487-29DF-451D-B58E-4CD7B2CC4FBA}.Debug|Any CPU.ActiveCfg = Debug|Any CPU
		{5CA81487-29DF-451D-B58E-4CD7B2CC4FBA}.Debug|Any CPU.Build.0 = Debug|Any CPU
		{5CA81487-29DF-451D-B58E-4CD7B2CC4FBA}.Release|Any CPU.ActiveCfg = Release|Any CPU
		{5CA81487-29DF-451D-B58E-4CD7B2CC4FBA}.Release|Any CPU.Build.0 = Release|Any CPU
		{42398B7C-17DB-42EF-9F5B-34A4F88A464C}.Debug|Any CPU.ActiveCfg = Debug|Any CPU
		{42398B7C-17DB-42EF-9F5B-34A4F88A464C}.Debug|Any CPU.Build.0 = Debug|Any CPU
		{42398B7C-17DB-42EF-9F5B-34A4F88A464C}.Release|Any CPU.ActiveCfg = Release|Any CPU
		{42398B7C-17DB-42EF-9F5B-34A4F88A464C}.Release|Any CPU.Build.0 = Release|Any CPU
		{7267569B-0FAF-4E97-B61A-177C90B3051D}.Debug|Any CPU.ActiveCfg = Debug|Any CPU
		{7267569B-0FAF-4E97-B61A-177C90B3051D}.Debug|Any CPU.Build.0 = Debug|Any CPU
		{7267569B-0FAF-4E97-B61A-177C90B3051D}.Release|Any CPU.ActiveCfg = Release|Any CPU
		{7267569B-0FAF-4E97-B61A-177C90B3051D}.Release|Any CPU.Build.0 = Release|Any CPU
		{BF592A7E-A5B9-4976-B71B-A9CAD1840C0A}.Debug|Any CPU.ActiveCfg = Debug|Any CPU
		{BF592A7E-A5B9-4976-B71B-A9CAD1840C0A}.Debug|Any CPU.Build.0 = Debug|Any CPU
		{BF592A7E-A5B9-4976-B71B-A9CAD1840C0A}.Debug|Any CPU.Deploy.0 = Debug|Any CPU
		{BF592A7E-A5B9-4976-B71B-A9CAD1840C0A}.Release|Any CPU.ActiveCfg = Release|Any CPU
		{BF592A7E-A5B9-4976-B71B-A9CAD1840C0A}.Release|Any CPU.Build.0 = Release|Any CPU
		{BF592A7E-A5B9-4976-B71B-A9CAD1840C0A}.Release|Any CPU.Deploy.0 = Release|Any CPU
		{FCF0EEFC-1E5A-4596-923F-A5C316AF830F}.Debug|Any CPU.ActiveCfg = Debug|Any CPU
		{FCF0EEFC-1E5A-4596-923F-A5C316AF830F}.Debug|Any CPU.Build.0 = Debug|Any CPU
		{FCF0EEFC-1E5A-4596-923F-A5C316AF830F}.Release|Any CPU.ActiveCfg = Release|Any CPU
		{FCF0EEFC-1E5A-4596-923F-A5C316AF830F}.Release|Any CPU.Build.0 = Release|Any CPU
		{FE4320F4-4AD9-4B9A-B269-8817B05760DF}.Debug|Any CPU.ActiveCfg = Debug|Any CPU
		{FE4320F4-4AD9-4B9A-B269-8817B05760DF}.Debug|Any CPU.Build.0 = Debug|Any CPU
		{FE4320F4-4AD9-4B9A-B269-8817B05760DF}.Release|Any CPU.ActiveCfg = Release|Any CPU
		{FE4320F4-4AD9-4B9A-B269-8817B05760DF}.Release|Any CPU.Build.0 = Release|Any CPU
		{4BB29364-48BF-401A-A30F-C652CB87A4C9}.Debug|Any CPU.ActiveCfg = Debug|Any CPU
		{4BB29364-48BF-401A-A30F-C652CB87A4C9}.Debug|Any CPU.Build.0 = Debug|Any CPU
		{4BB29364-48BF-401A-A30F-C652CB87A4C9}.Release|Any CPU.ActiveCfg = Release|Any CPU
		{4BB29364-48BF-401A-A30F-C652CB87A4C9}.Release|Any CPU.Build.0 = Release|Any CPU
		{6457CF1C-3CC7-4202-AAA2-6BC4944C4C54}.Debug|Any CPU.ActiveCfg = Debug|Any CPU
		{6457CF1C-3CC7-4202-AAA2-6BC4944C4C54}.Debug|Any CPU.Build.0 = Debug|Any CPU
		{6457CF1C-3CC7-4202-AAA2-6BC4944C4C54}.Release|Any CPU.ActiveCfg = Release|Any CPU
		{6457CF1C-3CC7-4202-AAA2-6BC4944C4C54}.Release|Any CPU.Build.0 = Release|Any CPU
		{A1819AE0-2376-41A2-887C-8F0DEC55928A}.Debug|Any CPU.ActiveCfg = Debug|Any CPU
		{A1819AE0-2376-41A2-887C-8F0DEC55928A}.Debug|Any CPU.Build.0 = Debug|Any CPU
		{A1819AE0-2376-41A2-887C-8F0DEC55928A}.Release|Any CPU.ActiveCfg = Release|Any CPU
		{A1819AE0-2376-41A2-887C-8F0DEC55928A}.Release|Any CPU.Build.0 = Release|Any CPU
		{9C674B23-F652-4AB6-B710-B8C493E2FA44}.Debug|Any CPU.ActiveCfg = Debug|Any CPU
		{9C674B23-F652-4AB6-B710-B8C493E2FA44}.Debug|Any CPU.Build.0 = Debug|Any CPU
		{9C674B23-F652-4AB6-B710-B8C493E2FA44}.Release|Any CPU.ActiveCfg = Release|Any CPU
		{9C674B23-F652-4AB6-B710-B8C493E2FA44}.Release|Any CPU.Build.0 = Release|Any CPU
		{75FA0DBA-64D6-44AA-A7A4-63B500B9E340}.Debug|Any CPU.ActiveCfg = Debug|Any CPU
		{75FA0DBA-64D6-44AA-A7A4-63B500B9E340}.Debug|Any CPU.Build.0 = Debug|Any CPU
		{75FA0DBA-64D6-44AA-A7A4-63B500B9E340}.Release|Any CPU.ActiveCfg = Release|Any CPU
		{75FA0DBA-64D6-44AA-A7A4-63B500B9E340}.Release|Any CPU.Build.0 = Release|Any CPU
		{4FF7988B-8975-4AAB-8CBF-9E3905ACDB46}.Debug|Any CPU.ActiveCfg = Debug|Any CPU
		{4FF7988B-8975-4AAB-8CBF-9E3905ACDB46}.Debug|Any CPU.Build.0 = Debug|Any CPU
		{4FF7988B-8975-4AAB-8CBF-9E3905ACDB46}.Release|Any CPU.ActiveCfg = Release|Any CPU
		{4FF7988B-8975-4AAB-8CBF-9E3905ACDB46}.Release|Any CPU.Build.0 = Release|Any CPU
		{BF6BD087-3E62-4F5F-A66A-FE5360802B31}.Debug|Any CPU.ActiveCfg = Debug|Any CPU
		{BF6BD087-3E62-4F5F-A66A-FE5360802B31}.Debug|Any CPU.Build.0 = Debug|Any CPU
		{BF6BD087-3E62-4F5F-A66A-FE5360802B31}.Release|Any CPU.ActiveCfg = Release|Any CPU
		{BF6BD087-3E62-4F5F-A66A-FE5360802B31}.Release|Any CPU.Build.0 = Release|Any CPU
		{3201D1DB-0D30-4D45-A879-F66DB39BF2E0}.Debug|Any CPU.ActiveCfg = Debug|Any CPU
		{3201D1DB-0D30-4D45-A879-F66DB39BF2E0}.Debug|Any CPU.Build.0 = Debug|Any CPU
		{3201D1DB-0D30-4D45-A879-F66DB39BF2E0}.Release|Any CPU.ActiveCfg = Release|Any CPU
		{3201D1DB-0D30-4D45-A879-F66DB39BF2E0}.Release|Any CPU.Build.0 = Release|Any CPU
		{BB4C1155-DEB7-409D-BF4A-7CC37EF7D979}.Debug|Any CPU.ActiveCfg = Debug|Any CPU
		{BB4C1155-DEB7-409D-BF4A-7CC37EF7D979}.Debug|Any CPU.Build.0 = Debug|Any CPU
		{BB4C1155-DEB7-409D-BF4A-7CC37EF7D979}.Release|Any CPU.ActiveCfg = Release|Any CPU
		{BB4C1155-DEB7-409D-BF4A-7CC37EF7D979}.Release|Any CPU.Build.0 = Release|Any CPU
	EndGlobalSection
	GlobalSection(SolutionProperties) = preSolution
		HideSolutionNode = FALSE
	EndGlobalSection
	GlobalSection(NestedProjects) = preSolution
		{FCF0EEFC-1E5A-4596-923F-A5C316AF830F} = {082FCFF7-2018-486B-8236-DA8A1D251765}
		{FE4320F4-4AD9-4B9A-B269-8817B05760DF} = {082FCFF7-2018-486B-8236-DA8A1D251765}
		{4BB29364-48BF-401A-A30F-C652CB87A4C9} = {082FCFF7-2018-486B-8236-DA8A1D251765}
		{6457CF1C-3CC7-4202-AAA2-6BC4944C4C54} = {082FCFF7-2018-486B-8236-DA8A1D251765}
		{A1819AE0-2376-41A2-887C-8F0DEC55928A} = {082FCFF7-2018-486B-8236-DA8A1D251765}
		{4FF7988B-8975-4AAB-8CBF-9E3905ACDB46} = {082FCFF7-2018-486B-8236-DA8A1D251765}
		{BF6BD087-3E62-4F5F-A66A-FE5360802B31} = {082FCFF7-2018-486B-8236-DA8A1D251765}
	EndGlobalSection
	GlobalSection(ExtensibilityGlobals) = postSolution
		SolutionGuid = {838452C3-B710-4762-9037-4C0E0F750D56}
	EndGlobalSection
EndGlobal
