
Microsoft Visual Studio Solution File, Format Version 12.00
# Visual Studio 15
VisualStudioVersion = 15.0.26430.16
MinimumVisualStudioVersion = 10.0.40219.1
Project("{9A19103F-16F7-4668-BE54-9A1E7A4F7556}") = "InexRef.EventSourcing.Persistence.Common", "InexRef.EventSourcing.Persistence.Common\InexRef.EventSourcing.Persistence.Common.csproj", "{E242AB02-E2CC-4E8E-A55E-13D001CC3C37}"
EndProject
Project("{9A19103F-16F7-4668-BE54-9A1E7A4F7556}") = "InexRef.EventSourcing.Persistence.SqlServer", "InexRef.EventSourcing.Persistence.SqlServer\InexRef.EventSourcing.Persistence.SqlServer.csproj", "{A26D41DC-FF38-480F-838D-D93B65E35309}"
EndProject
Project("{9A19103F-16F7-4668-BE54-9A1E7A4F7556}") = "InexRef.EventSourcing.Contracts", "InexRef.EventSourcing.Contracts\InexRef.EventSourcing.Contracts.csproj", "{43D1B7A2-A336-4B89-9EA3-6DFD5332CCCA}"
EndProject
Project("{9A19103F-16F7-4668-BE54-9A1E7A4F7556}") = "InexRef.EventSourcing", "InexRef.EventSourcing\InexRef.EventSourcing.csproj", "{B33B74BD-C833-4975-A88B-2496753A1CAB}"
EndProject
Project("{9A19103F-16F7-4668-BE54-9A1E7A4F7556}") = "InexRef.EventSourcing.Persistence.InMemory", "InexRef.EventSourcing.Persistence.InMemory\InexRef.EventSourcing.Persistence.InMemory.csproj", "{5CA81487-29DF-451D-B58E-4CD7B2CC4FBA}"
EndProject
Project("{9A19103F-16F7-4668-BE54-9A1E7A4F7556}") = "InexRef.EventSourcing.Persistence.Tests", "InexRef.EventSourcing.Persistence.Tests\InexRef.EventSourcing.Persistence.Tests.csproj", "{42398B7C-17DB-42EF-9F5B-34A4F88A464C}"
EndProject
Project("{9A19103F-16F7-4668-BE54-9A1E7A4F7556}") = "InexRef.EventSourcing.Tests.Common", "InexRef.EventSourcing.Tests.Common\InexRef.EventSourcing.Tests.Common.csproj", "{7267569B-0FAF-4E97-B61A-177C90B3051D}"
EndProject
Project("{00D1A9C2-B5F0-4AF3-8072-F6C62B433612}") = "InexRef.EventSourcing.Tests.SqlServer.Setup.Db", "InexRef.EventSourcing.Tests.SqlServer.Setup.Db\InexRef.EventSourcing.Tests.SqlServer.Setup.Db.sqlproj", "{BF592A7E-A5B9-4976-B71B-A9CAD1840C0A}"
EndProject
Project("{9A19103F-16F7-4668-BE54-9A1E7A4F7556}") = "InexRef.EventSourcing.Tests", "InexRef.EventSourcing.Tests\InexRef.EventSourcing.Tests.csproj", "{9C674B23-F652-4AB6-B710-B8C493E2FA44}"
EndProject
Project("{9A19103F-16F7-4668-BE54-9A1E7A4F7556}") = "InexRef.EventSourcing.Common", "InexRef.EventSourcing.Common\InexRef.EventSourcing.Common.csproj", "{75FA0DBA-64D6-44AA-A7A4-63B500B9E340}"
EndProject
Project("{9A19103F-16F7-4668-BE54-9A1E7A4F7556}") = "InexRef.EventSourcing.Persistence.SqlServer.Tests", "InexRef.EventSourcing.Persistence.SqlServer.Tests\InexRef.EventSourcing.Persistence.SqlServer.Tests.csproj", "{2B0183AD-13F9-4983-A18E-5C2749D6DA08}"
EndProject
Project("{2150E333-8FDC-42A3-9474-1A3956D46DE8}") = "Configuration FIles", "Configuration FIles", "{5C12DF36-05CC-4904-B51A-E45F0B039BB1}"
	ProjectSection(SolutionItems) = preProject
		InexRef.EventSourcing.config.xml = InexRef.EventSourcing.config.xml
		InexRef.EventSourcing.local.config.xml = InexRef.EventSourcing.local.config.xml
	EndProjectSection
EndProject
Project("{9A19103F-16F7-4668-BE54-9A1E7A4F7556}") = "InexRef.EventSourcing.Account.DomainHost.Tests", "InexRef.EventSourcing.Account\InexRef.EventSourcing.Account.DomainHost.Tests.csproj", "{29506956-B162-4EFE-90C9-53C274A814A0}"
EndProject
Project("{9A19103F-16F7-4668-BE54-9A1E7A4F7556}") = "InexRef.EventSourcing.Account.Contract.Public", "InexRef.EventSourcing.Account.Contract.Public\InexRef.EventSourcing.Account.Contract.Public.csproj", "{8D0B8CEA-F21B-40AB-891E-202B71317C75}"
EndProject
Project("{9A19103F-16F7-4668-BE54-9A1E7A4F7556}") = "InexRef.EventSourcing.Account.Domain", "InexRef.EventSourcing.Account.Domain\InexRef.EventSourcing.Account.Domain.csproj", "{EBA6A80B-72A6-4B76-A3A9-310C195BC754}"
EndProject
Project("{9A19103F-16F7-4668-BE54-9A1E7A4F7556}") = "InexRef.EventSourcing.Account.DomainHost", "InexRef.EventSourcing.Account.DomainHost\InexRef.EventSourcing.Account.DomainHost.csproj", "{07CC6194-BE8B-44A1-B088-FF65177BAF4F}"
EndProject
Project("{9A19103F-16F7-4668-BE54-9A1E7A4F7556}") = "InexRef.EventSourcing.Account.ReadModels", "InexRef.EventSourcing.Account.ReadModels\InexRef.EventSourcing.Account.ReadModels.csproj", "{BF1811FB-B8AE-456B-B15A-7481E04173AA}"
EndProject
Project("{00D1A9C2-B5F0-4AF3-8072-F6C62B433612}") = "InexRef.EventSourcing.Account.SqlServer.Setup.Db", "InexRef.EventSourcing.Account.SqlServer.Setup.Db\InexRef.EventSourcing.Account.SqlServer.Setup.Db.sqlproj", "{DF35035D-4612-4249-80B0-509E2669078C}"
EndProject
Global
	GlobalSection(SolutionConfigurationPlatforms) = preSolution
		Debug|Any CPU = Debug|Any CPU
		Release|Any CPU = Release|Any CPU
	EndGlobalSection
	GlobalSection(ProjectConfigurationPlatforms) = postSolution
		{E242AB02-E2CC-4E8E-A55E-13D001CC3C37}.Debug|Any CPU.ActiveCfg = Debug|Any CPU
		{E242AB02-E2CC-4E8E-A55E-13D001CC3C37}.Debug|Any CPU.Build.0 = Debug|Any CPU
		{E242AB02-E2CC-4E8E-A55E-13D001CC3C37}.Release|Any CPU.ActiveCfg = Release|Any CPU
		{E242AB02-E2CC-4E8E-A55E-13D001CC3C37}.Release|Any CPU.Build.0 = Release|Any CPU
		{A26D41DC-FF38-480F-838D-D93B65E35309}.Debug|Any CPU.ActiveCfg = Debug|Any CPU
		{A26D41DC-FF38-480F-838D-D93B65E35309}.Debug|Any CPU.Build.0 = Debug|Any CPU
		{A26D41DC-FF38-480F-838D-D93B65E35309}.Release|Any CPU.ActiveCfg = Release|Any CPU
		{A26D41DC-FF38-480F-838D-D93B65E35309}.Release|Any CPU.Build.0 = Release|Any CPU
		{43D1B7A2-A336-4B89-9EA3-6DFD5332CCCA}.Debug|Any CPU.ActiveCfg = Debug|Any CPU
		{43D1B7A2-A336-4B89-9EA3-6DFD5332CCCA}.Debug|Any CPU.Build.0 = Debug|Any CPU
		{43D1B7A2-A336-4B89-9EA3-6DFD5332CCCA}.Release|Any CPU.ActiveCfg = Release|Any CPU
		{43D1B7A2-A336-4B89-9EA3-6DFD5332CCCA}.Release|Any CPU.Build.0 = Release|Any CPU
		{B33B74BD-C833-4975-A88B-2496753A1CAB}.Debug|Any CPU.ActiveCfg = Debug|Any CPU
		{B33B74BD-C833-4975-A88B-2496753A1CAB}.Debug|Any CPU.Build.0 = Debug|Any CPU
		{B33B74BD-C833-4975-A88B-2496753A1CAB}.Release|Any CPU.ActiveCfg = Release|Any CPU
		{B33B74BD-C833-4975-A88B-2496753A1CAB}.Release|Any CPU.Build.0 = Release|Any CPU
		{5CA81487-29DF-451D-B58E-4CD7B2CC4FBA}.Debug|Any CPU.ActiveCfg = Debug|Any CPU
		{5CA81487-29DF-451D-B58E-4CD7B2CC4FBA}.Debug|Any CPU.Build.0 = Debug|Any CPU
		{5CA81487-29DF-451D-B58E-4CD7B2CC4FBA}.Release|Any CPU.ActiveCfg = Release|Any CPU
		{5CA81487-29DF-451D-B58E-4CD7B2CC4FBA}.Release|Any CPU.Build.0 = Release|Any CPU
		{42398B7C-17DB-42EF-9F5B-34A4F88A464C}.Debug|Any CPU.ActiveCfg = Debug|Any CPU
		{42398B7C-17DB-42EF-9F5B-34A4F88A464C}.Debug|Any CPU.Build.0 = Debug|Any CPU
		{42398B7C-17DB-42EF-9F5B-34A4F88A464C}.Release|Any CPU.ActiveCfg = Release|Any CPU
		{42398B7C-17DB-42EF-9F5B-34A4F88A464C}.Release|Any CPU.Build.0 = Release|Any CPU
		{7267569B-0FAF-4E97-B61A-177C90B3051D}.Debug|Any CPU.ActiveCfg = Debug|Any CPU
		{7267569B-0FAF-4E97-B61A-177C90B3051D}.Debug|Any CPU.Build.0 = Debug|Any CPU
		{7267569B-0FAF-4E97-B61A-177C90B3051D}.Release|Any CPU.ActiveCfg = Release|Any CPU
		{7267569B-0FAF-4E97-B61A-177C90B3051D}.Release|Any CPU.Build.0 = Release|Any CPU
		{BF592A7E-A5B9-4976-B71B-A9CAD1840C0A}.Debug|Any CPU.ActiveCfg = Debug|Any CPU
		{BF592A7E-A5B9-4976-B71B-A9CAD1840C0A}.Debug|Any CPU.Build.0 = Debug|Any CPU
		{BF592A7E-A5B9-4976-B71B-A9CAD1840C0A}.Debug|Any CPU.Deploy.0 = Debug|Any CPU
		{BF592A7E-A5B9-4976-B71B-A9CAD1840C0A}.Release|Any CPU.ActiveCfg = Release|Any CPU
		{BF592A7E-A5B9-4976-B71B-A9CAD1840C0A}.Release|Any CPU.Build.0 = Release|Any CPU
		{BF592A7E-A5B9-4976-B71B-A9CAD1840C0A}.Release|Any CPU.Deploy.0 = Release|Any CPU
		{9C674B23-F652-4AB6-B710-B8C493E2FA44}.Debug|Any CPU.ActiveCfg = Debug|Any CPU
		{9C674B23-F652-4AB6-B710-B8C493E2FA44}.Debug|Any CPU.Build.0 = Debug|Any CPU
		{9C674B23-F652-4AB6-B710-B8C493E2FA44}.Release|Any CPU.ActiveCfg = Release|Any CPU
		{9C674B23-F652-4AB6-B710-B8C493E2FA44}.Release|Any CPU.Build.0 = Release|Any CPU
		{75FA0DBA-64D6-44AA-A7A4-63B500B9E340}.Debug|Any CPU.ActiveCfg = Debug|Any CPU
		{75FA0DBA-64D6-44AA-A7A4-63B500B9E340}.Debug|Any CPU.Build.0 = Debug|Any CPU
		{75FA0DBA-64D6-44AA-A7A4-63B500B9E340}.Release|Any CPU.ActiveCfg = Release|Any CPU
		{75FA0DBA-64D6-44AA-A7A4-63B500B9E340}.Release|Any CPU.Build.0 = Release|Any CPU
		{2B0183AD-13F9-4983-A18E-5C2749D6DA08}.Debug|Any CPU.ActiveCfg = Debug|Any CPU
		{2B0183AD-13F9-4983-A18E-5C2749D6DA08}.Debug|Any CPU.Build.0 = Debug|Any CPU
		{2B0183AD-13F9-4983-A18E-5C2749D6DA08}.Release|Any CPU.ActiveCfg = Release|Any CPU
		{2B0183AD-13F9-4983-A18E-5C2749D6DA08}.Release|Any CPU.Build.0 = Release|Any CPU
		{29506956-B162-4EFE-90C9-53C274A814A0}.Debug|Any CPU.ActiveCfg = Debug|Any CPU
		{29506956-B162-4EFE-90C9-53C274A814A0}.Debug|Any CPU.Build.0 = Debug|Any CPU
		{29506956-B162-4EFE-90C9-53C274A814A0}.Release|Any CPU.ActiveCfg = Release|Any CPU
		{29506956-B162-4EFE-90C9-53C274A814A0}.Release|Any CPU.Build.0 = Release|Any CPU
		{8D0B8CEA-F21B-40AB-891E-202B71317C75}.Debug|Any CPU.ActiveCfg = Debug|Any CPU
		{8D0B8CEA-F21B-40AB-891E-202B71317C75}.Debug|Any CPU.Build.0 = Debug|Any CPU
		{8D0B8CEA-F21B-40AB-891E-202B71317C75}.Release|Any CPU.ActiveCfg = Release|Any CPU
		{8D0B8CEA-F21B-40AB-891E-202B71317C75}.Release|Any CPU.Build.0 = Release|Any CPU
		{EBA6A80B-72A6-4B76-A3A9-310C195BC754}.Debug|Any CPU.ActiveCfg = Debug|Any CPU
		{EBA6A80B-72A6-4B76-A3A9-310C195BC754}.Debug|Any CPU.Build.0 = Debug|Any CPU
		{EBA6A80B-72A6-4B76-A3A9-310C195BC754}.Release|Any CPU.ActiveCfg = Release|Any CPU
		{EBA6A80B-72A6-4B76-A3A9-310C195BC754}.Release|Any CPU.Build.0 = Release|Any CPU
		{07CC6194-BE8B-44A1-B088-FF65177BAF4F}.Debug|Any CPU.ActiveCfg = Debug|Any CPU
		{07CC6194-BE8B-44A1-B088-FF65177BAF4F}.Debug|Any CPU.Build.0 = Debug|Any CPU
		{07CC6194-BE8B-44A1-B088-FF65177BAF4F}.Release|Any CPU.ActiveCfg = Release|Any CPU
		{07CC6194-BE8B-44A1-B088-FF65177BAF4F}.Release|Any CPU.Build.0 = Release|Any CPU
		{BF1811FB-B8AE-456B-B15A-7481E04173AA}.Debug|Any CPU.ActiveCfg = Debug|Any CPU
		{BF1811FB-B8AE-456B-B15A-7481E04173AA}.Debug|Any CPU.Build.0 = Debug|Any CPU
		{BF1811FB-B8AE-456B-B15A-7481E04173AA}.Release|Any CPU.ActiveCfg = Release|Any CPU
		{BF1811FB-B8AE-456B-B15A-7481E04173AA}.Release|Any CPU.Build.0 = Release|Any CPU
		{DF35035D-4612-4249-80B0-509E2669078C}.Debug|Any CPU.ActiveCfg = Debug|Any CPU
		{DF35035D-4612-4249-80B0-509E2669078C}.Debug|Any CPU.Build.0 = Debug|Any CPU
		{DF35035D-4612-4249-80B0-509E2669078C}.Debug|Any CPU.Deploy.0 = Debug|Any CPU
		{DF35035D-4612-4249-80B0-509E2669078C}.Release|Any CPU.ActiveCfg = Release|Any CPU
		{DF35035D-4612-4249-80B0-509E2669078C}.Release|Any CPU.Build.0 = Release|Any CPU
		{DF35035D-4612-4249-80B0-509E2669078C}.Release|Any CPU.Deploy.0 = Release|Any CPU
	EndGlobalSection
	GlobalSection(SolutionProperties) = preSolution
		HideSolutionNode = FALSE
	EndGlobalSection
	GlobalSection(ExtensibilityGlobals) = postSolution
		SolutionGuid = {838452C3-B710-4762-9037-4C0E0F750D56}
	EndGlobalSection
EndGlobal
